
Microsoft Visual Studio Solution File, Format Version 12.00
# Visual Studio Version 16
VisualStudioVersion = 16.0.30804.86
MinimumVisualStudioVersion = 10.0.40219.1
Project("{9A19103F-16F7-4668-BE54-9A1E7A4F7556}") = "DarkHelpers", "DarkHelpers\DarkHelpers.csproj", "{325FD6BA-A93C-438F-859D-A2D24304532B}"
EndProject
Project("{2150E333-8FDC-42A3-9474-1A3956D46DE8}") = "src", "src", "{B1E0B231-C889-4156-AB5D-84EB65713D49}"
EndProject
Project("{2150E333-8FDC-42A3-9474-1A3956D46DE8}") = "samples", "samples", "{CED33661-341E-4098-92B4-B24D08C6D62C}"
EndProject
Project("{9A19103F-16F7-4668-BE54-9A1E7A4F7556}") = "Sample.WPF", "Sample.WPF\Sample.WPF.csproj", "{5A4080F7-537D-4E21-BFE9-7233CEBD16C8}"
EndProject
Project("{2150E333-8FDC-42A3-9474-1A3956D46DE8}") = "solution items", "solution items", "{2A67AF5E-E9B4-4183-966E-0ED3701DEAF9}"
	ProjectSection(SolutionItems) = preProject
		LICENSE = LICENSE
		README.md = README.md
		TODOLIST.md = TODOLIST.md
	EndProjectSection
EndProject
Project("{9A19103F-16F7-4668-BE54-9A1E7A4F7556}") = "DarkHelpers.WPF", "DarkHelpers.WPF\DarkHelpers.WPF.csproj", "{57C8DB5E-7931-4971-BB17-200D1FBF0078}"
EndProject
Project("{FAE04EC0-301F-11D3-BF4B-00C04F79EFBC}") = "Sample.XF.Android", "Sample.XF\Sample.XF.Android\Sample.XF.Android.csproj", "{A2642045-E3B4-404A-94C1-F810E4424B84}"
EndProject
Project("{FAE04EC0-301F-11D3-BF4B-00C04F79EFBC}") = "Sample.XF.iOS", "Sample.XF\Sample.XF.iOS\Sample.XF.iOS.csproj", "{5F867FA8-F10C-40D2-B517-22F3CA87258D}"
EndProject
Project("{9A19103F-16F7-4668-BE54-9A1E7A4F7556}") = "Sample.XF", "Sample.XF\Sample.XF\Sample.XF.csproj", "{6075DA5B-C839-41B9-9D18-BDD5771B5C6A}"
EndProject
Project("{9A19103F-16F7-4668-BE54-9A1E7A4F7556}") = "Sample.Lib", "Sample.Lib\Sample.Lib.csproj", "{1620165E-025E-4AD1-BD50-D91DC087B02D}"
EndProject
Project("{9A19103F-16F7-4668-BE54-9A1E7A4F7556}") = "DarkHelpers.XF", "DarkHelpers.XF\DarkHelpers.XF.csproj", "{F647E896-AEBF-449A-867D-89547CCD292C}"
EndProject
Project("{2150E333-8FDC-42A3-9474-1A3956D46DE8}") = "tests", "tests", "{DCDF5D3F-8C89-4CCA-86D0-1EB9609B347C}"
EndProject
Project("{9A19103F-16F7-4668-BE54-9A1E7A4F7556}") = "DarkHelpers.Tests", "DarkHelpers.Tests\DarkHelpers.Tests.csproj", "{5A26E722-60B1-4A1B-BD70-73B4E3309E52}"
EndProject
Project("{9A19103F-16F7-4668-BE54-9A1E7A4F7556}") = "DarkHelpers.XF.Tests", "DarkHelpers.XF.Tests\DarkHelpers.XF.Tests.csproj", "{446BCF79-3BEB-4F8C-B08C-6FA7D9CF1AE4}"
EndProject
Project("{9A19103F-16F7-4668-BE54-9A1E7A4F7556}") = "DarkHelpers.WPF.Tests", "DarkHelpers.WPF.Tests\DarkHelpers.WPF.Tests.csproj", "{030FB3D7-1729-441B-8B13-6FA2C90DDFFE}"
EndProject
Project("{2150E333-8FDC-42A3-9474-1A3956D46DE8}") = "templates", "templates", "{AA124902-C091-4029-AD7C-F3B21C77B9B2}"
EndProject
Project("{FAE04EC0-301F-11D3-BF4B-00C04F79EFBC}") = "DarkHelpers.WPF.View", "DarkHelpers.WPF.View\DarkHelpers.WPF.View.csproj", "{D4526541-E8DE-4043-9599-E8877EAF0D80}"
EndProject
Project("{FAE04EC0-301F-11D3-BF4B-00C04F79EFBC}") = "DarkHelpers.Templates", "DarkHelpers.Templates\DarkHelpers.Templates.csproj", "{A959AD8D-B6D7-4884-A9CD-CC9F9D8772C6}"
EndProject
Project("{FAE04EC0-301F-11D3-BF4B-00C04F79EFBC}") = "DarkHelpers.XF.View", "DarkHelpers.XF.View\DarkHelpers.XF.View.csproj", "{9FF49448-DACE-48C4-9E91-4DABBBBCE71E}"
EndProject
Global
	GlobalSection(SolutionConfigurationPlatforms) = preSolution
		Debug|Any CPU = Debug|Any CPU
		Debug|iPhone = Debug|iPhone
		Debug|iPhoneSimulator = Debug|iPhoneSimulator
		Release|Any CPU = Release|Any CPU
		Release|iPhone = Release|iPhone
		Release|iPhoneSimulator = Release|iPhoneSimulator
	EndGlobalSection
	GlobalSection(ProjectConfigurationPlatforms) = postSolution
		{325FD6BA-A93C-438F-859D-A2D24304532B}.Debug|Any CPU.ActiveCfg = Debug|Any CPU
		{325FD6BA-A93C-438F-859D-A2D24304532B}.Debug|Any CPU.Build.0 = Debug|Any CPU
		{325FD6BA-A93C-438F-859D-A2D24304532B}.Debug|iPhone.ActiveCfg = Debug|Any CPU
		{325FD6BA-A93C-438F-859D-A2D24304532B}.Debug|iPhone.Build.0 = Debug|Any CPU
		{325FD6BA-A93C-438F-859D-A2D24304532B}.Debug|iPhoneSimulator.ActiveCfg = Debug|Any CPU
		{325FD6BA-A93C-438F-859D-A2D24304532B}.Debug|iPhoneSimulator.Build.0 = Debug|Any CPU
		{325FD6BA-A93C-438F-859D-A2D24304532B}.Release|Any CPU.ActiveCfg = Release|Any CPU
		{325FD6BA-A93C-438F-859D-A2D24304532B}.Release|Any CPU.Build.0 = Release|Any CPU
		{325FD6BA-A93C-438F-859D-A2D24304532B}.Release|iPhone.ActiveCfg = Release|Any CPU
		{325FD6BA-A93C-438F-859D-A2D24304532B}.Release|iPhone.Build.0 = Release|Any CPU
		{325FD6BA-A93C-438F-859D-A2D24304532B}.Release|iPhoneSimulator.ActiveCfg = Release|Any CPU
		{325FD6BA-A93C-438F-859D-A2D24304532B}.Release|iPhoneSimulator.Build.0 = Release|Any CPU
		{5A4080F7-537D-4E21-BFE9-7233CEBD16C8}.Debug|Any CPU.ActiveCfg = Debug|Any CPU
		{5A4080F7-537D-4E21-BFE9-7233CEBD16C8}.Debug|Any CPU.Build.0 = Debug|Any CPU
		{5A4080F7-537D-4E21-BFE9-7233CEBD16C8}.Debug|iPhone.ActiveCfg = Debug|Any CPU
		{5A4080F7-537D-4E21-BFE9-7233CEBD16C8}.Debug|iPhone.Build.0 = Debug|Any CPU
		{5A4080F7-537D-4E21-BFE9-7233CEBD16C8}.Debug|iPhoneSimulator.ActiveCfg = Debug|Any CPU
		{5A4080F7-537D-4E21-BFE9-7233CEBD16C8}.Debug|iPhoneSimulator.Build.0 = Debug|Any CPU
		{5A4080F7-537D-4E21-BFE9-7233CEBD16C8}.Release|Any CPU.ActiveCfg = Release|Any CPU
		{5A4080F7-537D-4E21-BFE9-7233CEBD16C8}.Release|Any CPU.Build.0 = Release|Any CPU
		{5A4080F7-537D-4E21-BFE9-7233CEBD16C8}.Release|iPhone.ActiveCfg = Release|Any CPU
		{5A4080F7-537D-4E21-BFE9-7233CEBD16C8}.Release|iPhone.Build.0 = Release|Any CPU
		{5A4080F7-537D-4E21-BFE9-7233CEBD16C8}.Release|iPhoneSimulator.ActiveCfg = Release|Any CPU
		{5A4080F7-537D-4E21-BFE9-7233CEBD16C8}.Release|iPhoneSimulator.Build.0 = Release|Any CPU
		{57C8DB5E-7931-4971-BB17-200D1FBF0078}.Debug|Any CPU.ActiveCfg = Debug|Any CPU
		{57C8DB5E-7931-4971-BB17-200D1FBF0078}.Debug|Any CPU.Build.0 = Debug|Any CPU
		{57C8DB5E-7931-4971-BB17-200D1FBF0078}.Debug|iPhone.ActiveCfg = Debug|Any CPU
		{57C8DB5E-7931-4971-BB17-200D1FBF0078}.Debug|iPhone.Build.0 = Debug|Any CPU
		{57C8DB5E-7931-4971-BB17-200D1FBF0078}.Debug|iPhoneSimulator.ActiveCfg = Debug|Any CPU
		{57C8DB5E-7931-4971-BB17-200D1FBF0078}.Debug|iPhoneSimulator.Build.0 = Debug|Any CPU
		{57C8DB5E-7931-4971-BB17-200D1FBF0078}.Release|Any CPU.ActiveCfg = Release|Any CPU
		{57C8DB5E-7931-4971-BB17-200D1FBF0078}.Release|Any CPU.Build.0 = Release|Any CPU
		{57C8DB5E-7931-4971-BB17-200D1FBF0078}.Release|iPhone.ActiveCfg = Release|Any CPU
		{57C8DB5E-7931-4971-BB17-200D1FBF0078}.Release|iPhone.Build.0 = Release|Any CPU
		{57C8DB5E-7931-4971-BB17-200D1FBF0078}.Release|iPhoneSimulator.ActiveCfg = Release|Any CPU
		{57C8DB5E-7931-4971-BB17-200D1FBF0078}.Release|iPhoneSimulator.Build.0 = Release|Any CPU
		{A2642045-E3B4-404A-94C1-F810E4424B84}.Debug|Any CPU.ActiveCfg = Debug|Any CPU
		{A2642045-E3B4-404A-94C1-F810E4424B84}.Debug|Any CPU.Build.0 = Debug|Any CPU
		{A2642045-E3B4-404A-94C1-F810E4424B84}.Debug|Any CPU.Deploy.0 = Debug|Any CPU
		{A2642045-E3B4-404A-94C1-F810E4424B84}.Debug|iPhone.ActiveCfg = Debug|Any CPU
		{A2642045-E3B4-404A-94C1-F810E4424B84}.Debug|iPhone.Build.0 = Debug|Any CPU
		{A2642045-E3B4-404A-94C1-F810E4424B84}.Debug|iPhone.Deploy.0 = Debug|Any CPU
		{A2642045-E3B4-404A-94C1-F810E4424B84}.Debug|iPhoneSimulator.ActiveCfg = Debug|Any CPU
		{A2642045-E3B4-404A-94C1-F810E4424B84}.Debug|iPhoneSimulator.Build.0 = Debug|Any CPU
		{A2642045-E3B4-404A-94C1-F810E4424B84}.Debug|iPhoneSimulator.Deploy.0 = Debug|Any CPU
		{A2642045-E3B4-404A-94C1-F810E4424B84}.Release|Any CPU.ActiveCfg = Release|Any CPU
		{A2642045-E3B4-404A-94C1-F810E4424B84}.Release|Any CPU.Build.0 = Release|Any CPU
		{A2642045-E3B4-404A-94C1-F810E4424B84}.Release|Any CPU.Deploy.0 = Release|Any CPU
		{A2642045-E3B4-404A-94C1-F810E4424B84}.Release|iPhone.ActiveCfg = Release|Any CPU
		{A2642045-E3B4-404A-94C1-F810E4424B84}.Release|iPhone.Build.0 = Release|Any CPU
		{A2642045-E3B4-404A-94C1-F810E4424B84}.Release|iPhone.Deploy.0 = Release|Any CPU
		{A2642045-E3B4-404A-94C1-F810E4424B84}.Release|iPhoneSimulator.ActiveCfg = Release|Any CPU
		{A2642045-E3B4-404A-94C1-F810E4424B84}.Release|iPhoneSimulator.Build.0 = Release|Any CPU
		{A2642045-E3B4-404A-94C1-F810E4424B84}.Release|iPhoneSimulator.Deploy.0 = Release|Any CPU
		{5F867FA8-F10C-40D2-B517-22F3CA87258D}.Debug|Any CPU.ActiveCfg = Debug|iPhoneSimulator
		{5F867FA8-F10C-40D2-B517-22F3CA87258D}.Debug|iPhone.ActiveCfg = Debug|iPhone
		{5F867FA8-F10C-40D2-B517-22F3CA87258D}.Debug|iPhone.Build.0 = Debug|iPhone
		{5F867FA8-F10C-40D2-B517-22F3CA87258D}.Debug|iPhoneSimulator.ActiveCfg = Debug|iPhoneSimulator
		{5F867FA8-F10C-40D2-B517-22F3CA87258D}.Debug|iPhoneSimulator.Build.0 = Debug|iPhoneSimulator
		{5F867FA8-F10C-40D2-B517-22F3CA87258D}.Release|Any CPU.ActiveCfg = Release|iPhoneSimulator
		{5F867FA8-F10C-40D2-B517-22F3CA87258D}.Release|iPhone.ActiveCfg = Release|iPhone
		{5F867FA8-F10C-40D2-B517-22F3CA87258D}.Release|iPhone.Build.0 = Release|iPhone
		{5F867FA8-F10C-40D2-B517-22F3CA87258D}.Release|iPhoneSimulator.ActiveCfg = Release|iPhoneSimulator
		{5F867FA8-F10C-40D2-B517-22F3CA87258D}.Release|iPhoneSimulator.Build.0 = Release|iPhoneSimulator
		{6075DA5B-C839-41B9-9D18-BDD5771B5C6A}.Debug|Any CPU.ActiveCfg = Debug|Any CPU
		{6075DA5B-C839-41B9-9D18-BDD5771B5C6A}.Debug|Any CPU.Build.0 = Debug|Any CPU
		{6075DA5B-C839-41B9-9D18-BDD5771B5C6A}.Debug|iPhone.ActiveCfg = Debug|Any CPU
		{6075DA5B-C839-41B9-9D18-BDD5771B5C6A}.Debug|iPhone.Build.0 = Debug|Any CPU
		{6075DA5B-C839-41B9-9D18-BDD5771B5C6A}.Debug|iPhoneSimulator.ActiveCfg = Debug|Any CPU
		{6075DA5B-C839-41B9-9D18-BDD5771B5C6A}.Debug|iPhoneSimulator.Build.0 = Debug|Any CPU
		{6075DA5B-C839-41B9-9D18-BDD5771B5C6A}.Release|Any CPU.ActiveCfg = Release|Any CPU
		{6075DA5B-C839-41B9-9D18-BDD5771B5C6A}.Release|Any CPU.Build.0 = Release|Any CPU
		{6075DA5B-C839-41B9-9D18-BDD5771B5C6A}.Release|iPhone.ActiveCfg = Release|Any CPU
		{6075DA5B-C839-41B9-9D18-BDD5771B5C6A}.Release|iPhone.Build.0 = Release|Any CPU
		{6075DA5B-C839-41B9-9D18-BDD5771B5C6A}.Release|iPhoneSimulator.ActiveCfg = Release|Any CPU
		{6075DA5B-C839-41B9-9D18-BDD5771B5C6A}.Release|iPhoneSimulator.Build.0 = Release|Any CPU
		{1620165E-025E-4AD1-BD50-D91DC087B02D}.Debug|Any CPU.ActiveCfg = Debug|Any CPU
		{1620165E-025E-4AD1-BD50-D91DC087B02D}.Debug|Any CPU.Build.0 = Debug|Any CPU
		{1620165E-025E-4AD1-BD50-D91DC087B02D}.Debug|iPhone.ActiveCfg = Debug|Any CPU
		{1620165E-025E-4AD1-BD50-D91DC087B02D}.Debug|iPhone.Build.0 = Debug|Any CPU
		{1620165E-025E-4AD1-BD50-D91DC087B02D}.Debug|iPhoneSimulator.ActiveCfg = Debug|Any CPU
		{1620165E-025E-4AD1-BD50-D91DC087B02D}.Debug|iPhoneSimulator.Build.0 = Debug|Any CPU
		{1620165E-025E-4AD1-BD50-D91DC087B02D}.Release|Any CPU.ActiveCfg = Release|Any CPU
		{1620165E-025E-4AD1-BD50-D91DC087B02D}.Release|Any CPU.Build.0 = Release|Any CPU
		{1620165E-025E-4AD1-BD50-D91DC087B02D}.Release|iPhone.ActiveCfg = Release|Any CPU
		{1620165E-025E-4AD1-BD50-D91DC087B02D}.Release|iPhone.Build.0 = Release|Any CPU
		{1620165E-025E-4AD1-BD50-D91DC087B02D}.Release|iPhoneSimulator.ActiveCfg = Release|Any CPU
		{1620165E-025E-4AD1-BD50-D91DC087B02D}.Release|iPhoneSimulator.Build.0 = Release|Any CPU
		{F647E896-AEBF-449A-867D-89547CCD292C}.Debug|Any CPU.ActiveCfg = Debug|Any CPU
		{F647E896-AEBF-449A-867D-89547CCD292C}.Debug|Any CPU.Build.0 = Debug|Any CPU
		{F647E896-AEBF-449A-867D-89547CCD292C}.Debug|iPhone.ActiveCfg = Debug|Any CPU
		{F647E896-AEBF-449A-867D-89547CCD292C}.Debug|iPhone.Build.0 = Debug|Any CPU
		{F647E896-AEBF-449A-867D-89547CCD292C}.Debug|iPhoneSimulator.ActiveCfg = Debug|Any CPU
		{F647E896-AEBF-449A-867D-89547CCD292C}.Debug|iPhoneSimulator.Build.0 = Debug|Any CPU
		{F647E896-AEBF-449A-867D-89547CCD292C}.Release|Any CPU.ActiveCfg = Release|Any CPU
		{F647E896-AEBF-449A-867D-89547CCD292C}.Release|Any CPU.Build.0 = Release|Any CPU
		{F647E896-AEBF-449A-867D-89547CCD292C}.Release|iPhone.ActiveCfg = Release|Any CPU
		{F647E896-AEBF-449A-867D-89547CCD292C}.Release|iPhone.Build.0 = Release|Any CPU
		{F647E896-AEBF-449A-867D-89547CCD292C}.Release|iPhoneSimulator.ActiveCfg = Release|Any CPU
		{F647E896-AEBF-449A-867D-89547CCD292C}.Release|iPhoneSimulator.Build.0 = Release|Any CPU
		{5A26E722-60B1-4A1B-BD70-73B4E3309E52}.Debug|Any CPU.ActiveCfg = Debug|Any CPU
		{5A26E722-60B1-4A1B-BD70-73B4E3309E52}.Debug|Any CPU.Build.0 = Debug|Any CPU
		{5A26E722-60B1-4A1B-BD70-73B4E3309E52}.Debug|iPhone.ActiveCfg = Debug|Any CPU
		{5A26E722-60B1-4A1B-BD70-73B4E3309E52}.Debug|iPhone.Build.0 = Debug|Any CPU
		{5A26E722-60B1-4A1B-BD70-73B4E3309E52}.Debug|iPhoneSimulator.ActiveCfg = Debug|Any CPU
		{5A26E722-60B1-4A1B-BD70-73B4E3309E52}.Debug|iPhoneSimulator.Build.0 = Debug|Any CPU
		{5A26E722-60B1-4A1B-BD70-73B4E3309E52}.Release|Any CPU.ActiveCfg = Release|Any CPU
		{5A26E722-60B1-4A1B-BD70-73B4E3309E52}.Release|Any CPU.Build.0 = Release|Any CPU
		{5A26E722-60B1-4A1B-BD70-73B4E3309E52}.Release|iPhone.ActiveCfg = Release|Any CPU
		{5A26E722-60B1-4A1B-BD70-73B4E3309E52}.Release|iPhone.Build.0 = Release|Any CPU
		{5A26E722-60B1-4A1B-BD70-73B4E3309E52}.Release|iPhoneSimulator.ActiveCfg = Release|Any CPU
		{5A26E722-60B1-4A1B-BD70-73B4E3309E52}.Release|iPhoneSimulator.Build.0 = Release|Any CPU
		{446BCF79-3BEB-4F8C-B08C-6FA7D9CF1AE4}.Debug|Any CPU.ActiveCfg = Debug|Any CPU
		{446BCF79-3BEB-4F8C-B08C-6FA7D9CF1AE4}.Debug|Any CPU.Build.0 = Debug|Any CPU
		{446BCF79-3BEB-4F8C-B08C-6FA7D9CF1AE4}.Debug|iPhone.ActiveCfg = Debug|Any CPU
		{446BCF79-3BEB-4F8C-B08C-6FA7D9CF1AE4}.Debug|iPhone.Build.0 = Debug|Any CPU
		{446BCF79-3BEB-4F8C-B08C-6FA7D9CF1AE4}.Debug|iPhoneSimulator.ActiveCfg = Debug|Any CPU
		{446BCF79-3BEB-4F8C-B08C-6FA7D9CF1AE4}.Debug|iPhoneSimulator.Build.0 = Debug|Any CPU
		{446BCF79-3BEB-4F8C-B08C-6FA7D9CF1AE4}.Release|Any CPU.ActiveCfg = Release|Any CPU
		{446BCF79-3BEB-4F8C-B08C-6FA7D9CF1AE4}.Release|Any CPU.Build.0 = Release|Any CPU
		{446BCF79-3BEB-4F8C-B08C-6FA7D9CF1AE4}.Release|iPhone.ActiveCfg = Release|Any CPU
		{446BCF79-3BEB-4F8C-B08C-6FA7D9CF1AE4}.Release|iPhone.Build.0 = Release|Any CPU
		{446BCF79-3BEB-4F8C-B08C-6FA7D9CF1AE4}.Release|iPhoneSimulator.ActiveCfg = Release|Any CPU
		{446BCF79-3BEB-4F8C-B08C-6FA7D9CF1AE4}.Release|iPhoneSimulator.Build.0 = Release|Any CPU
		{030FB3D7-1729-441B-8B13-6FA2C90DDFFE}.Debug|Any CPU.ActiveCfg = Debug|Any CPU
		{030FB3D7-1729-441B-8B13-6FA2C90DDFFE}.Debug|Any CPU.Build.0 = Debug|Any CPU
		{030FB3D7-1729-441B-8B13-6FA2C90DDFFE}.Debug|iPhone.ActiveCfg = Debug|Any CPU
		{030FB3D7-1729-441B-8B13-6FA2C90DDFFE}.Debug|iPhone.Build.0 = Debug|Any CPU
		{030FB3D7-1729-441B-8B13-6FA2C90DDFFE}.Debug|iPhoneSimulator.ActiveCfg = Debug|Any CPU
		{030FB3D7-1729-441B-8B13-6FA2C90DDFFE}.Debug|iPhoneSimulator.Build.0 = Debug|Any CPU
		{030FB3D7-1729-441B-8B13-6FA2C90DDFFE}.Release|Any CPU.ActiveCfg = Release|Any CPU
		{030FB3D7-1729-441B-8B13-6FA2C90DDFFE}.Release|Any CPU.Build.0 = Release|Any CPU
		{030FB3D7-1729-441B-8B13-6FA2C90DDFFE}.Release|iPhone.ActiveCfg = Release|Any CPU
		{030FB3D7-1729-441B-8B13-6FA2C90DDFFE}.Release|iPhone.Build.0 = Release|Any CPU
		{030FB3D7-1729-441B-8B13-6FA2C90DDFFE}.Release|iPhoneSimulator.ActiveCfg = Release|Any CPU
		{030FB3D7-1729-441B-8B13-6FA2C90DDFFE}.Release|iPhoneSimulator.Build.0 = Release|Any CPU
		{D4526541-E8DE-4043-9599-E8877EAF0D80}.Debug|Any CPU.ActiveCfg = Debug|Any CPU
		{D4526541-E8DE-4043-9599-E8877EAF0D80}.Debug|Any CPU.Build.0 = Debug|Any CPU
		{D4526541-E8DE-4043-9599-E8877EAF0D80}.Debug|iPhone.ActiveCfg = Debug|Any CPU
		{D4526541-E8DE-4043-9599-E8877EAF0D80}.Debug|iPhone.Build.0 = Debug|Any CPU
		{D4526541-E8DE-4043-9599-E8877EAF0D80}.Debug|iPhoneSimulator.ActiveCfg = Debug|Any CPU
		{D4526541-E8DE-4043-9599-E8877EAF0D80}.Debug|iPhoneSimulator.Build.0 = Debug|Any CPU
		{D4526541-E8DE-4043-9599-E8877EAF0D80}.Release|Any CPU.ActiveCfg = Release|Any CPU
		{D4526541-E8DE-4043-9599-E8877EAF0D80}.Release|Any CPU.Build.0 = Release|Any CPU
		{D4526541-E8DE-4043-9599-E8877EAF0D80}.Release|iPhone.ActiveCfg = Release|Any CPU
		{D4526541-E8DE-4043-9599-E8877EAF0D80}.Release|iPhone.Build.0 = Release|Any CPU
		{D4526541-E8DE-4043-9599-E8877EAF0D80}.Release|iPhoneSimulator.ActiveCfg = Release|Any CPU
		{D4526541-E8DE-4043-9599-E8877EAF0D80}.Release|iPhoneSimulator.Build.0 = Release|Any CPU
		{A959AD8D-B6D7-4884-A9CD-CC9F9D8772C6}.Debug|Any CPU.ActiveCfg = Debug|Any CPU
		{A959AD8D-B6D7-4884-A9CD-CC9F9D8772C6}.Debug|Any CPU.Build.0 = Debug|Any CPU
		{A959AD8D-B6D7-4884-A9CD-CC9F9D8772C6}.Debug|iPhone.ActiveCfg = Debug|Any CPU
		{A959AD8D-B6D7-4884-A9CD-CC9F9D8772C6}.Debug|iPhone.Build.0 = Debug|Any CPU
		{A959AD8D-B6D7-4884-A9CD-CC9F9D8772C6}.Debug|iPhoneSimulator.ActiveCfg = Debug|Any CPU
		{A959AD8D-B6D7-4884-A9CD-CC9F9D8772C6}.Debug|iPhoneSimulator.Build.0 = Debug|Any CPU
		{A959AD8D-B6D7-4884-A9CD-CC9F9D8772C6}.Release|Any CPU.ActiveCfg = Release|Any CPU
		{A959AD8D-B6D7-4884-A9CD-CC9F9D8772C6}.Release|Any CPU.Build.0 = Release|Any CPU
		{A959AD8D-B6D7-4884-A9CD-CC9F9D8772C6}.Release|iPhone.ActiveCfg = Release|Any CPU
		{A959AD8D-B6D7-4884-A9CD-CC9F9D8772C6}.Release|iPhone.Build.0 = Release|Any CPU
		{A959AD8D-B6D7-4884-A9CD-CC9F9D8772C6}.Release|iPhoneSimulator.ActiveCfg = Release|Any CPU
		{A959AD8D-B6D7-4884-A9CD-CC9F9D8772C6}.Release|iPhoneSimulator.Build.0 = Release|Any CPU
		{9FF49448-DACE-48C4-9E91-4DABBBBCE71E}.Debug|Any CPU.ActiveCfg = Debug|Any CPU
		{9FF49448-DACE-48C4-9E91-4DABBBBCE71E}.Debug|Any CPU.Build.0 = Debug|Any CPU
		{9FF49448-DACE-48C4-9E91-4DABBBBCE71E}.Debug|iPhone.ActiveCfg = Debug|Any CPU
		{9FF49448-DACE-48C4-9E91-4DABBBBCE71E}.Debug|iPhone.Build.0 = Debug|Any CPU
		{9FF49448-DACE-48C4-9E91-4DABBBBCE71E}.Debug|iPhoneSimulator.ActiveCfg = Debug|Any CPU
		{9FF49448-DACE-48C4-9E91-4DABBBBCE71E}.Debug|iPhoneSimulator.Build.0 = Debug|Any CPU
		{9FF49448-DACE-48C4-9E91-4DABBBBCE71E}.Release|Any CPU.ActiveCfg = Release|Any CPU
		{9FF49448-DACE-48C4-9E91-4DABBBBCE71E}.Release|Any CPU.Build.0 = Release|Any CPU
		{9FF49448-DACE-48C4-9E91-4DABBBBCE71E}.Release|iPhone.ActiveCfg = Release|Any CPU
		{9FF49448-DACE-48C4-9E91-4DABBBBCE71E}.Release|iPhone.Build.0 = Release|Any CPU
		{9FF49448-DACE-48C4-9E91-4DABBBBCE71E}.Release|iPhoneSimulator.ActiveCfg = Release|Any CPU
		{9FF49448-DACE-48C4-9E91-4DABBBBCE71E}.Release|iPhoneSimulator.Build.0 = Release|Any CPU
	EndGlobalSection
	GlobalSection(SolutionProperties) = preSolution
		HideSolutionNode = FALSE
	EndGlobalSection
	GlobalSection(NestedProjects) = preSolution
		{325FD6BA-A93C-438F-859D-A2D24304532B} = {B1E0B231-C889-4156-AB5D-84EB65713D49}
		{5A4080F7-537D-4E21-BFE9-7233CEBD16C8} = {CED33661-341E-4098-92B4-B24D08C6D62C}
		{57C8DB5E-7931-4971-BB17-200D1FBF0078} = {B1E0B231-C889-4156-AB5D-84EB65713D49}
		{A2642045-E3B4-404A-94C1-F810E4424B84} = {CED33661-341E-4098-92B4-B24D08C6D62C}
		{5F867FA8-F10C-40D2-B517-22F3CA87258D} = {CED33661-341E-4098-92B4-B24D08C6D62C}
		{6075DA5B-C839-41B9-9D18-BDD5771B5C6A} = {CED33661-341E-4098-92B4-B24D08C6D62C}
		{1620165E-025E-4AD1-BD50-D91DC087B02D} = {CED33661-341E-4098-92B4-B24D08C6D62C}
		{F647E896-AEBF-449A-867D-89547CCD292C} = {B1E0B231-C889-4156-AB5D-84EB65713D49}
		{5A26E722-60B1-4A1B-BD70-73B4E3309E52} = {DCDF5D3F-8C89-4CCA-86D0-1EB9609B347C}
		{446BCF79-3BEB-4F8C-B08C-6FA7D9CF1AE4} = {DCDF5D3F-8C89-4CCA-86D0-1EB9609B347C}
		{030FB3D7-1729-441B-8B13-6FA2C90DDFFE} = {DCDF5D3F-8C89-4CCA-86D0-1EB9609B347C}
		{D4526541-E8DE-4043-9599-E8877EAF0D80} = {AA124902-C091-4029-AD7C-F3B21C77B9B2}
		{A959AD8D-B6D7-4884-A9CD-CC9F9D8772C6} = {AA124902-C091-4029-AD7C-F3B21C77B9B2}
		{9FF49448-DACE-48C4-9E91-4DABBBBCE71E} = {AA124902-C091-4029-AD7C-F3B21C77B9B2}
	EndGlobalSection
	GlobalSection(ExtensibilityGlobals) = postSolution
		SolutionGuid = {60CFE31D-F927-47FA-B4BA-B4B3D4713C3F}
	EndGlobalSection
EndGlobal
