
Microsoft Visual Studio Solution File, Format Version 12.00
# Visual Studio Version 16
VisualStudioVersion = 16.0.30804.86
MinimumVisualStudioVersion = 10.0.40219.1
Project("{9A19103F-16F7-4668-BE54-9A1E7A4F7556}") = "DarkHelpers", "DarkHelpers\DarkHelpers.csproj", "{325FD6BA-A93C-438F-859D-A2D24304532B}"
EndProject
Project("{2150E333-8FDC-42A3-9474-1A3956D46DE8}") = "src", "src", "{B1E0B231-C889-4156-AB5D-84EB65713D49}"
EndProject
Project("{2150E333-8FDC-42A3-9474-1A3956D46DE8}") = "samples", "samples", "{CED33661-341E-4098-92B4-B24D08C6D62C}"
EndProject
Project("{9A19103F-16F7-4668-BE54-9A1E7A4F7556}") = "Sample.WPF", "Sample.WPF\Sample.WPF.csproj", "{5A4080F7-537D-4E21-BFE9-7233CEBD16C8}"
EndProject
Project("{2150E333-8FDC-42A3-9474-1A3956D46DE8}") = "solution items", "solution items", "{2A67AF5E-E9B4-4183-966E-0ED3701DEAF9}"
	ProjectSection(SolutionItems) = preProject
		LICENSE = LICENSE
		README.md = README.md
	EndProjectSection
EndProject
Project("{FAE04EC0-301F-11D3-BF4B-00C04F79EFBC}") = "DarkHelpers.WPF", "DarkHelpers.WPF\DarkHelpers.WPF.csproj", "{57C8DB5E-7931-4971-BB17-200D1FBF0078}"
EndProject
Global
	GlobalSection(SolutionConfigurationPlatforms) = preSolution
		Debug|Any CPU = Debug|Any CPU
		Release|Any CPU = Release|Any CPU
	EndGlobalSection
	GlobalSection(ProjectConfigurationPlatforms) = postSolution
		{325FD6BA-A93C-438F-859D-A2D24304532B}.Debug|Any CPU.ActiveCfg = Debug|Any CPU
		{325FD6BA-A93C-438F-859D-A2D24304532B}.Debug|Any CPU.Build.0 = Debug|Any CPU
		{325FD6BA-A93C-438F-859D-A2D24304532B}.Release|Any CPU.ActiveCfg = Release|Any CPU
		{325FD6BA-A93C-438F-859D-A2D24304532B}.Release|Any CPU.Build.0 = Release|Any CPU
		{5A4080F7-537D-4E21-BFE9-7233CEBD16C8}.Debug|Any CPU.ActiveCfg = Debug|Any CPU
		{5A4080F7-537D-4E21-BFE9-7233CEBD16C8}.Debug|Any CPU.Build.0 = Debug|Any CPU
		{5A4080F7-537D-4E21-BFE9-7233CEBD16C8}.Release|Any CPU.ActiveCfg = Release|Any CPU
		{5A4080F7-537D-4E21-BFE9-7233CEBD16C8}.Release|Any CPU.Build.0 = Release|Any CPU
		{57C8DB5E-7931-4971-BB17-200D1FBF0078}.Debug|Any CPU.ActiveCfg = Debug|Any CPU
		{57C8DB5E-7931-4971-BB17-200D1FBF0078}.Debug|Any CPU.Build.0 = Debug|Any CPU
		{57C8DB5E-7931-4971-BB17-200D1FBF0078}.Release|Any CPU.ActiveCfg = Release|Any CPU
		{57C8DB5E-7931-4971-BB17-200D1FBF0078}.Release|Any CPU.Build.0 = Release|Any CPU
	EndGlobalSection
	GlobalSection(SolutionProperties) = preSolution
		HideSolutionNode = FALSE
	EndGlobalSection
	GlobalSection(NestedProjects) = preSolution
		{325FD6BA-A93C-438F-859D-A2D24304532B} = {B1E0B231-C889-4156-AB5D-84EB65713D49}
		{5A4080F7-537D-4E21-BFE9-7233CEBD16C8} = {CED33661-341E-4098-92B4-B24D08C6D62C}
		{57C8DB5E-7931-4971-BB17-200D1FBF0078} = {B1E0B231-C889-4156-AB5D-84EB65713D49}
	EndGlobalSection
	GlobalSection(ExtensibilityGlobals) = postSolution
		SolutionGuid = {60CFE31D-F927-47FA-B4BA-B4B3D4713C3F}
	EndGlobalSection
EndGlobal
